
Microsoft Visual Studio Solution File, Format Version 12.00
# Visual Studio Version 16
VisualStudioVersion = 16.0.30907.101
MinimumVisualStudioVersion = 10.0.40219.1
Project("{FAE04EC0-301F-11D3-BF4B-00C04F79EFBC}") = "ProjetoFinal", "ProjetoFinal\ProjetoFinal.csproj", "{EF01355F-BD3D-42CA-90DA-959107E79776}"
EndProject
Global
	GlobalSection(SolutionConfigurationPlatforms) = preSolution
		Debug|Any CPU = Debug|Any CPU
		Release|Any CPU = Release|Any CPU
	EndGlobalSection
	GlobalSection(ProjectConfigurationPlatforms) = postSolution
		{EF01355F-BD3D-42CA-90DA-959107E79776}.Debug|Any CPU.ActiveCfg = Debug|Any CPU
		{EF01355F-BD3D-42CA-90DA-959107E79776}.Debug|Any CPU.Build.0 = Debug|Any CPU
		{EF01355F-BD3D-42CA-90DA-959107E79776}.Release|Any CPU.ActiveCfg = Release|Any CPU
		{EF01355F-BD3D-42CA-90DA-959107E79776}.Release|Any CPU.Build.0 = Release|Any CPU
	EndGlobalSection
	GlobalSection(SolutionProperties) = preSolution
		HideSolutionNode = FALSE
	EndGlobalSection
	GlobalSection(ExtensibilityGlobals) = postSolution
		SolutionGuid = {CD0D4A98-3C6F-4F4B-BB51-331F1305D1B0}
	EndGlobalSection
EndGlobal
